
Microsoft Visual Studio Solution File, Format Version 12.00
Project("{FAE04EC0-301F-11D3-BF4B-00C04F79EFBC}") = "Contacts.Domain", "Contacts.Domain\Contacts.Domain.csproj", "{2C0E4798-C750-400A-AF50-0E0E0EB072D4}"
EndProject
Project("{FAE04EC0-301F-11D3-BF4B-00C04F79EFBC}") = "Contacts.Logic", "Contacts.Logic\Contacts.Logic.csproj", "{A0614ABC-550E-43D3-B2E8-EDBF43F793FE}"
EndProject
Project("{FAE04EC0-301F-11D3-BF4B-00C04F79EFBC}") = "Contacts.Data", "Contacts.Data\Contacts.Data.csproj", "{52597FF3-2460-438E-AB28-4DE8CF2A5523}"
EndProject
Project("{FAE04EC0-301F-11D3-BF4B-00C04F79EFBC}") = "Contacts.Console", "Contacts.Console\Contacts.Console.csproj", "{EF7DFAB8-FB92-445C-B749-1F07D3CD6459}"
EndProject
Project("{FAE04EC0-301F-11D3-BF4B-00C04F79EFBC}") = "Contacts.Logic.Tests", "Contacts.Logic.Tests\Contacts.Logic.Tests.csproj", "{C2B7EC80-48C8-489F-B33E-7AE87F43CA74}"
EndProject
Global
	GlobalSection(SolutionConfigurationPlatforms) = preSolution
		Debug|Any CPU = Debug|Any CPU
		Release|Any CPU = Release|Any CPU
	EndGlobalSection
	GlobalSection(ProjectConfigurationPlatforms) = postSolution
		{2C0E4798-C750-400A-AF50-0E0E0EB072D4}.Debug|Any CPU.ActiveCfg = Debug|Any CPU
		{2C0E4798-C750-400A-AF50-0E0E0EB072D4}.Debug|Any CPU.Build.0 = Debug|Any CPU
		{2C0E4798-C750-400A-AF50-0E0E0EB072D4}.Release|Any CPU.ActiveCfg = Release|Any CPU
		{2C0E4798-C750-400A-AF50-0E0E0EB072D4}.Release|Any CPU.Build.0 = Release|Any CPU
		{A0614ABC-550E-43D3-B2E8-EDBF43F793FE}.Debug|Any CPU.ActiveCfg = Debug|Any CPU
		{A0614ABC-550E-43D3-B2E8-EDBF43F793FE}.Debug|Any CPU.Build.0 = Debug|Any CPU
		{A0614ABC-550E-43D3-B2E8-EDBF43F793FE}.Release|Any CPU.ActiveCfg = Release|Any CPU
		{A0614ABC-550E-43D3-B2E8-EDBF43F793FE}.Release|Any CPU.Build.0 = Release|Any CPU
		{52597FF3-2460-438E-AB28-4DE8CF2A5523}.Debug|Any CPU.ActiveCfg = Debug|Any CPU
		{52597FF3-2460-438E-AB28-4DE8CF2A5523}.Debug|Any CPU.Build.0 = Debug|Any CPU
		{52597FF3-2460-438E-AB28-4DE8CF2A5523}.Release|Any CPU.ActiveCfg = Release|Any CPU
		{52597FF3-2460-438E-AB28-4DE8CF2A5523}.Release|Any CPU.Build.0 = Release|Any CPU
		{EF7DFAB8-FB92-445C-B749-1F07D3CD6459}.Debug|Any CPU.ActiveCfg = Debug|Any CPU
		{EF7DFAB8-FB92-445C-B749-1F07D3CD6459}.Debug|Any CPU.Build.0 = Debug|Any CPU
		{EF7DFAB8-FB92-445C-B749-1F07D3CD6459}.Release|Any CPU.ActiveCfg = Release|Any CPU
		{EF7DFAB8-FB92-445C-B749-1F07D3CD6459}.Release|Any CPU.Build.0 = Release|Any CPU
		{C2B7EC80-48C8-489F-B33E-7AE87F43CA74}.Debug|Any CPU.ActiveCfg = Debug|Any CPU
		{C2B7EC80-48C8-489F-B33E-7AE87F43CA74}.Debug|Any CPU.Build.0 = Debug|Any CPU
		{C2B7EC80-48C8-489F-B33E-7AE87F43CA74}.Release|Any CPU.ActiveCfg = Release|Any CPU
		{C2B7EC80-48C8-489F-B33E-7AE87F43CA74}.Release|Any CPU.Build.0 = Release|Any CPU
	EndGlobalSection
EndGlobal
